
Microsoft Visual Studio Solution File, Format Version 12.00
# Visual Studio Version 16
VisualStudioVersion = 16.0.31313.79
MinimumVisualStudioVersion = 10.0.40219.1
Project("{FAE04EC0-301F-11D3-BF4B-00C04F79EFBC}") = "CourseWork", "CourseWork\CourseWork.csproj", "{88FCDE16-7123-49A4-86E2-6942B2FE31B2}"
EndProject
Global
	GlobalSection(SolutionConfigurationPlatforms) = preSolution
		Debug|Any CPU = Debug|Any CPU
		Release|Any CPU = Release|Any CPU
	EndGlobalSection
	GlobalSection(ProjectConfigurationPlatforms) = postSolution
		{88FCDE16-7123-49A4-86E2-6942B2FE31B2}.Debug|Any CPU.ActiveCfg = Debug|Any CPU
		{88FCDE16-7123-49A4-86E2-6942B2FE31B2}.Debug|Any CPU.Build.0 = Debug|Any CPU
		{88FCDE16-7123-49A4-86E2-6942B2FE31B2}.Release|Any CPU.ActiveCfg = Release|Any CPU
		{88FCDE16-7123-49A4-86E2-6942B2FE31B2}.Release|Any CPU.Build.0 = Release|Any CPU
	EndGlobalSection
	GlobalSection(SolutionProperties) = preSolution
		HideSolutionNode = FALSE
	EndGlobalSection
	GlobalSection(ExtensibilityGlobals) = postSolution
		SolutionGuid = {E8F3E622-428D-4D93-80D8-9D7F2504AC76}
	EndGlobalSection
EndGlobal
